// !$*UTF8*$!
{
	archiveVersion = 1;
	classes = {
	};
	objectVersion = 50;
	objects = {

/* Begin PBXBuildFile section */
		D0D5B05B218ECA0200B4C0C0 /* AppDelegate.swift in Sources */ = {isa = PBXBuildFile; fileRef = D0D5B05A218ECA0200B4C0C0 /* AppDelegate.swift */; };
		D0D5B060218ECA0200B4C0C0 /* Main.storyboard in Resources */ = {isa = PBXBuildFile; fileRef = D0D5B05E218ECA0200B4C0C0 /* Main.storyboard */; };
		D0D5B062218ECA0400B4C0C0 /* Assets.xcassets in Resources */ = {isa = PBXBuildFile; fileRef = D0D5B061218ECA0400B4C0C0 /* Assets.xcassets */; };
		D0D5B065218ECA0400B4C0C0 /* LaunchScreen.storyboard in Resources */ = {isa = PBXBuildFile; fileRef = D0D5B063218ECA0400B4C0C0 /* LaunchScreen.storyboard */; };
		D0D5B070218ECA0400B4C0C0 /* VideoAnalyzerTests.swift in Sources */ = {isa = PBXBuildFile; fileRef = D0D5B06F218ECA0400B4C0C0 /* VideoAnalyzerTests.swift */; };
		D0D5B07B218ECA0400B4C0C0 /* VideoAnalyzerUITests.swift in Sources */ = {isa = PBXBuildFile; fileRef = D0D5B07A218ECA0400B4C0C0 /* VideoAnalyzerUITests.swift */; };
		D9E4C3D121914A2C00F565EE /* AddImageViewController.swift in Sources */ = {isa = PBXBuildFile; fileRef = D9E4C3C821914A2C00F565EE /* AddImageViewController.swift */; };
		D9E4C3D221914A2C00F565EE /* VideoHelper.swift in Sources */ = {isa = PBXBuildFile; fileRef = D9E4C3C921914A2C00F565EE /* VideoHelper.swift */; };
		D9E4C3D321914A2C00F565EE /* CustomImagePickerViewController.swift in Sources */ = {isa = PBXBuildFile; fileRef = D9E4C3CA21914A2C00F565EE /* CustomImagePickerViewController.swift */; };
		D9E4C3D421914A2C00F565EE /* ScreenRecordViewController.swift in Sources */ = {isa = PBXBuildFile; fileRef = D9E4C3CB21914A2C00F565EE /* ScreenRecordViewController.swift */; };
		D9E4C3D521914A2C00F565EE /* CommonVideoViewController.m in Sources */ = {isa = PBXBuildFile; fileRef = D9E4C3CC21914A2C00F565EE /* CommonVideoViewController.m */; };
		D9E4C3D621914A2C00F565EE /* RecordVideoViewController.swift in Sources */ = {isa = PBXBuildFile; fileRef = D9E4C3CD21914A2C00F565EE /* RecordVideoViewController.swift */; };
		D9E4C3D721914A2C00F565EE /* EditVideoViewController.swift in Sources */ = {isa = PBXBuildFile; fileRef = D9E4C3CE21914A2C00F565EE /* EditVideoViewController.swift */; };
		D9E4C3D821914A2C00F565EE /* DrawingViewController.swift in Sources */ = {isa = PBXBuildFile; fileRef = D9E4C3D021914A2C00F565EE /* DrawingViewController.swift */; };
		D9E4C3E7219182E500F565EE /* ScreenRecoder.swift in Sources */ = {isa = PBXBuildFile; fileRef = D9E4C3E6219182E500F565EE /* ScreenRecoder.swift */; };
		D9E4C3E92191BCCA00F565EE /* UIImageToMovie.swift in Sources */ = {isa = PBXBuildFile; fileRef = D9E4C3E82191BCCA00F565EE /* UIImageToMovie.swift */; };
/* End PBXBuildFile section */

/* Begin PBXContainerItemProxy section */
		D0D5B06C218ECA0400B4C0C0 /* PBXContainerItemProxy */ = {
			isa = PBXContainerItemProxy;
			containerPortal = D0D5B04F218ECA0200B4C0C0 /* Project object */;
			proxyType = 1;
			remoteGlobalIDString = D0D5B056218ECA0200B4C0C0;
			remoteInfo = VideoAnalyzer;
		};
		D0D5B077218ECA0400B4C0C0 /* PBXContainerItemProxy */ = {
			isa = PBXContainerItemProxy;
			containerPortal = D0D5B04F218ECA0200B4C0C0 /* Project object */;
			proxyType = 1;
			remoteGlobalIDString = D0D5B056218ECA0200B4C0C0;
			remoteInfo = VideoAnalyzer;
		};
/* End PBXContainerItemProxy section */

/* Begin PBXFileReference section */
		D0D5B057218ECA0200B4C0C0 /* VideoAnalyzer.app */ = {isa = PBXFileReference; explicitFileType = wrapper.application; includeInIndex = 0; path = VideoAnalyzer.app; sourceTree = BUILT_PRODUCTS_DIR; };
		D0D5B05A218ECA0200B4C0C0 /* AppDelegate.swift */ = {isa = PBXFileReference; lastKnownFileType = sourcecode.swift; path = AppDelegate.swift; sourceTree = "<group>"; };
		D0D5B05F218ECA0200B4C0C0 /* Base */ = {isa = PBXFileReference; lastKnownFileType = file.storyboard; name = Base; path = Base.lproj/Main.storyboard; sourceTree = "<group>"; };
		D0D5B061218ECA0400B4C0C0 /* Assets.xcassets */ = {isa = PBXFileReference; lastKnownFileType = folder.assetcatalog; path = Assets.xcassets; sourceTree = "<group>"; };
		D0D5B064218ECA0400B4C0C0 /* Base */ = {isa = PBXFileReference; lastKnownFileType = file.storyboard; name = Base; path = Base.lproj/LaunchScreen.storyboard; sourceTree = "<group>"; };
		D0D5B066218ECA0400B4C0C0 /* Info.plist */ = {isa = PBXFileReference; lastKnownFileType = text.plist.xml; path = Info.plist; sourceTree = "<group>"; };
		D0D5B06B218ECA0400B4C0C0 /* VideoAnalyzerTests.xctest */ = {isa = PBXFileReference; explicitFileType = wrapper.cfbundle; includeInIndex = 0; path = VideoAnalyzerTests.xctest; sourceTree = BUILT_PRODUCTS_DIR; };
		D0D5B06F218ECA0400B4C0C0 /* VideoAnalyzerTests.swift */ = {isa = PBXFileReference; lastKnownFileType = sourcecode.swift; path = VideoAnalyzerTests.swift; sourceTree = "<group>"; };
		D0D5B071218ECA0400B4C0C0 /* Info.plist */ = {isa = PBXFileReference; lastKnownFileType = text.plist.xml; path = Info.plist; sourceTree = "<group>"; };
		D0D5B076218ECA0400B4C0C0 /* VideoAnalyzerUITests.xctest */ = {isa = PBXFileReference; explicitFileType = wrapper.cfbundle; includeInIndex = 0; path = VideoAnalyzerUITests.xctest; sourceTree = BUILT_PRODUCTS_DIR; };
		D0D5B07A218ECA0400B4C0C0 /* VideoAnalyzerUITests.swift */ = {isa = PBXFileReference; lastKnownFileType = sourcecode.swift; path = VideoAnalyzerUITests.swift; sourceTree = "<group>"; };
		D0D5B07C218ECA0400B4C0C0 /* Info.plist */ = {isa = PBXFileReference; lastKnownFileType = text.plist.xml; path = Info.plist; sourceTree = "<group>"; };
		D9E4C3C621914A2C00F565EE /* VideoAnalyzer-Bridging-Header.h */ = {isa = PBXFileReference; fileEncoding = 4; lastKnownFileType = sourcecode.c.h; path = "VideoAnalyzer-Bridging-Header.h"; sourceTree = "<group>"; };
		D9E4C3C721914A2C00F565EE /* CommonVideoViewController.h */ = {isa = PBXFileReference; fileEncoding = 4; lastKnownFileType = sourcecode.c.h; path = CommonVideoViewController.h; sourceTree = "<group>"; };
		D9E4C3C821914A2C00F565EE /* AddImageViewController.swift */ = {isa = PBXFileReference; fileEncoding = 4; lastKnownFileType = sourcecode.swift; path = AddImageViewController.swift; sourceTree = "<group>"; };
		D9E4C3C921914A2C00F565EE /* VideoHelper.swift */ = {isa = PBXFileReference; fileEncoding = 4; lastKnownFileType = sourcecode.swift; path = VideoHelper.swift; sourceTree = "<group>"; };
		D9E4C3CA21914A2C00F565EE /* CustomImagePickerViewController.swift */ = {isa = PBXFileReference; fileEncoding = 4; lastKnownFileType = sourcecode.swift; path = CustomImagePickerViewController.swift; sourceTree = "<group>"; };
		D9E4C3CB21914A2C00F565EE /* ScreenRecordViewController.swift */ = {isa = PBXFileReference; fileEncoding = 4; lastKnownFileType = sourcecode.swift; path = ScreenRecordViewController.swift; sourceTree = "<group>"; };
		D9E4C3CC21914A2C00F565EE /* CommonVideoViewController.m */ = {isa = PBXFileReference; fileEncoding = 4; lastKnownFileType = sourcecode.c.objc; path = CommonVideoViewController.m; sourceTree = "<group>"; };
		D9E4C3CD21914A2C00F565EE /* RecordVideoViewController.swift */ = {isa = PBXFileReference; fileEncoding = 4; lastKnownFileType = sourcecode.swift; path = RecordVideoViewController.swift; sourceTree = "<group>"; };
		D9E4C3CE21914A2C00F565EE /* EditVideoViewController.swift */ = {isa = PBXFileReference; fileEncoding = 4; lastKnownFileType = sourcecode.swift; path = EditVideoViewController.swift; sourceTree = "<group>"; };
		D9E4C3D021914A2C00F565EE /* DrawingViewController.swift */ = {isa = PBXFileReference; fileEncoding = 4; lastKnownFileType = sourcecode.swift; path = DrawingViewController.swift; sourceTree = "<group>"; };
		D9E4C3E6219182E500F565EE /* ScreenRecoder.swift */ = {isa = PBXFileReference; lastKnownFileType = sourcecode.swift; path = ScreenRecoder.swift; sourceTree = "<group>"; };
		D9E4C3E82191BCCA00F565EE /* UIImageToMovie.swift */ = {isa = PBXFileReference; lastKnownFileType = sourcecode.swift; path = UIImageToMovie.swift; sourceTree = "<group>"; };
/* End PBXFileReference section */

/* Begin PBXFrameworksBuildPhase section */
		D0D5B054218ECA0200B4C0C0 /* Frameworks */ = {
			isa = PBXFrameworksBuildPhase;
			buildActionMask = 2147483647;
			files = (
			);
			runOnlyForDeploymentPostprocessing = 0;
		};
		D0D5B068218ECA0400B4C0C0 /* Frameworks */ = {
			isa = PBXFrameworksBuildPhase;
			buildActionMask = 2147483647;
			files = (
			);
			runOnlyForDeploymentPostprocessing = 0;
		};
		D0D5B073218ECA0400B4C0C0 /* Frameworks */ = {
			isa = PBXFrameworksBuildPhase;
			buildActionMask = 2147483647;
			files = (
			);
			runOnlyForDeploymentPostprocessing = 0;
		};
/* End PBXFrameworksBuildPhase section */

/* Begin PBXGroup section */
		D0D5B04E218ECA0200B4C0C0 = {
			isa = PBXGroup;
			children = (
				D0D5B059218ECA0200B4C0C0 /* VideoAnalyzer */,
				D0D5B06E218ECA0400B4C0C0 /* VideoAnalyzerTests */,
				D0D5B079218ECA0400B4C0C0 /* VideoAnalyzerUITests */,
				D0D5B058218ECA0200B4C0C0 /* Products */,
			);
			sourceTree = "<group>";
		};
		D0D5B058218ECA0200B4C0C0 /* Products */ = {
			isa = PBXGroup;
			children = (
				D0D5B057218ECA0200B4C0C0 /* VideoAnalyzer.app */,
				D0D5B06B218ECA0400B4C0C0 /* VideoAnalyzerTests.xctest */,
				D0D5B076218ECA0400B4C0C0 /* VideoAnalyzerUITests.xctest */,
			);
			name = Products;
			sourceTree = "<group>";
		};
		D0D5B059218ECA0200B4C0C0 /* VideoAnalyzer */ = {
			isa = PBXGroup;
			children = (
				D9E4C3CF21914A2C00F565EE /* Drawing */,
				D9E4C3C521914A2C00F565EE /* Record */,
				D0D5B05A218ECA0200B4C0C0 /* AppDelegate.swift */,
				D0D5B05E218ECA0200B4C0C0 /* Main.storyboard */,
				D0D5B061218ECA0400B4C0C0 /* Assets.xcassets */,
				D0D5B063218ECA0400B4C0C0 /* LaunchScreen.storyboard */,
				D0D5B066218ECA0400B4C0C0 /* Info.plist */,
			);
			path = VideoAnalyzer;
			sourceTree = "<group>";
		};
		D0D5B06E218ECA0400B4C0C0 /* VideoAnalyzerTests */ = {
			isa = PBXGroup;
			children = (
				D0D5B06F218ECA0400B4C0C0 /* VideoAnalyzerTests.swift */,
				D0D5B071218ECA0400B4C0C0 /* Info.plist */,
			);
			path = VideoAnalyzerTests;
			sourceTree = "<group>";
		};
		D0D5B079218ECA0400B4C0C0 /* VideoAnalyzerUITests */ = {
			isa = PBXGroup;
			children = (
				D0D5B07A218ECA0400B4C0C0 /* VideoAnalyzerUITests.swift */,
				D0D5B07C218ECA0400B4C0C0 /* Info.plist */,
			);
			path = VideoAnalyzerUITests;
			sourceTree = "<group>";
		};
		D9E4C3C521914A2C00F565EE /* Record */ = {
			isa = PBXGroup;
			children = (
				D9E4C3D92191705300F565EE /* ScreenRecordUtilities */,
				D9E4C3C621914A2C00F565EE /* VideoAnalyzer-Bridging-Header.h */,
				D9E4C3C721914A2C00F565EE /* CommonVideoViewController.h */,
				D9E4C3C821914A2C00F565EE /* AddImageViewController.swift */,
				D9E4C3C921914A2C00F565EE /* VideoHelper.swift */,
				D9E4C3CA21914A2C00F565EE /* CustomImagePickerViewController.swift */,
				D9E4C3CB21914A2C00F565EE /* ScreenRecordViewController.swift */,
				D9E4C3CC21914A2C00F565EE /* CommonVideoViewController.m */,
				D9E4C3CD21914A2C00F565EE /* RecordVideoViewController.swift */,
				D9E4C3CE21914A2C00F565EE /* EditVideoViewController.swift */,
			);
			path = Record;
			sourceTree = "<group>";
		};
		D9E4C3CF21914A2C00F565EE /* Drawing */ = {
			isa = PBXGroup;
			children = (
				D9E4C3D021914A2C00F565EE /* DrawingViewController.swift */,
			);
			path = Drawing;
			sourceTree = "<group>";
		};
		D9E4C3D92191705300F565EE /* ScreenRecordUtilities */ = {
			isa = PBXGroup;
			children = (
				D9E4C3E6219182E500F565EE /* ScreenRecoder.swift */,
				D9E4C3E82191BCCA00F565EE /* UIImageToMovie.swift */,
			);
			path = ScreenRecordUtilities;
			sourceTree = "<group>";
		};
/* End PBXGroup section */

/* Begin PBXNativeTarget section */
		D0D5B056218ECA0200B4C0C0 /* VideoAnalyzer */ = {
			isa = PBXNativeTarget;
			buildConfigurationList = D0D5B07F218ECA0400B4C0C0 /* Build configuration list for PBXNativeTarget "VideoAnalyzer" */;
			buildPhases = (
				D0D5B053218ECA0200B4C0C0 /* Sources */,
				D0D5B054218ECA0200B4C0C0 /* Frameworks */,
				D0D5B055218ECA0200B4C0C0 /* Resources */,
			);
			buildRules = (
			);
			dependencies = (
			);
			name = VideoAnalyzer;
			productName = VideoAnalyzer;
			productReference = D0D5B057218ECA0200B4C0C0 /* VideoAnalyzer.app */;
			productType = "com.apple.product-type.application";
		};
		D0D5B06A218ECA0400B4C0C0 /* VideoAnalyzerTests */ = {
			isa = PBXNativeTarget;
			buildConfigurationList = D0D5B082218ECA0400B4C0C0 /* Build configuration list for PBXNativeTarget "VideoAnalyzerTests" */;
			buildPhases = (
				D0D5B067218ECA0400B4C0C0 /* Sources */,
				D0D5B068218ECA0400B4C0C0 /* Frameworks */,
				D0D5B069218ECA0400B4C0C0 /* Resources */,
			);
			buildRules = (
			);
			dependencies = (
				D0D5B06D218ECA0400B4C0C0 /* PBXTargetDependency */,
			);
			name = VideoAnalyzerTests;
			productName = VideoAnalyzerTests;
			productReference = D0D5B06B218ECA0400B4C0C0 /* VideoAnalyzerTests.xctest */;
			productType = "com.apple.product-type.bundle.unit-test";
		};
		D0D5B075218ECA0400B4C0C0 /* VideoAnalyzerUITests */ = {
			isa = PBXNativeTarget;
			buildConfigurationList = D0D5B085218ECA0400B4C0C0 /* Build configuration list for PBXNativeTarget "VideoAnalyzerUITests" */;
			buildPhases = (
				D0D5B072218ECA0400B4C0C0 /* Sources */,
				D0D5B073218ECA0400B4C0C0 /* Frameworks */,
				D0D5B074218ECA0400B4C0C0 /* Resources */,
			);
			buildRules = (
			);
			dependencies = (
				D0D5B078218ECA0400B4C0C0 /* PBXTargetDependency */,
			);
			name = VideoAnalyzerUITests;
			productName = VideoAnalyzerUITests;
			productReference = D0D5B076218ECA0400B4C0C0 /* VideoAnalyzerUITests.xctest */;
			productType = "com.apple.product-type.bundle.ui-testing";
		};
/* End PBXNativeTarget section */

/* Begin PBXProject section */
		D0D5B04F218ECA0200B4C0C0 /* Project object */ = {
			isa = PBXProject;
			attributes = {
				LastSwiftUpdateCheck = 1000;
				LastUpgradeCheck = 1000;
				ORGANIZATIONNAME = "Nguyễn Đức Thọ";
				TargetAttributes = {
					D0D5B056218ECA0200B4C0C0 = {
						CreatedOnToolsVersion = 10.0;
					};
					D0D5B06A218ECA0400B4C0C0 = {
						CreatedOnToolsVersion = 10.0;
						TestTargetID = D0D5B056218ECA0200B4C0C0;
					};
					D0D5B075218ECA0400B4C0C0 = {
						CreatedOnToolsVersion = 10.0;
						TestTargetID = D0D5B056218ECA0200B4C0C0;
					};
				};
			};
			buildConfigurationList = D0D5B052218ECA0200B4C0C0 /* Build configuration list for PBXProject "VideoAnalyzer" */;
			compatibilityVersion = "Xcode 9.3";
			developmentRegion = en;
			hasScannedForEncodings = 0;
			knownRegions = (
				en,
				Base,
			);
			mainGroup = D0D5B04E218ECA0200B4C0C0;
			productRefGroup = D0D5B058218ECA0200B4C0C0 /* Products */;
			projectDirPath = "";
			projectRoot = "";
			targets = (
				D0D5B056218ECA0200B4C0C0 /* VideoAnalyzer */,
				D0D5B06A218ECA0400B4C0C0 /* VideoAnalyzerTests */,
				D0D5B075218ECA0400B4C0C0 /* VideoAnalyzerUITests */,
			);
		};
/* End PBXProject section */

/* Begin PBXResourcesBuildPhase section */
		D0D5B055218ECA0200B4C0C0 /* Resources */ = {
			isa = PBXResourcesBuildPhase;
			buildActionMask = 2147483647;
			files = (
				D0D5B065218ECA0400B4C0C0 /* LaunchScreen.storyboard in Resources */,
				D0D5B062218ECA0400B4C0C0 /* Assets.xcassets in Resources */,
				D0D5B060218ECA0200B4C0C0 /* Main.storyboard in Resources */,
			);
			runOnlyForDeploymentPostprocessing = 0;
		};
		D0D5B069218ECA0400B4C0C0 /* Resources */ = {
			isa = PBXResourcesBuildPhase;
			buildActionMask = 2147483647;
			files = (
			);
			runOnlyForDeploymentPostprocessing = 0;
		};
		D0D5B074218ECA0400B4C0C0 /* Resources */ = {
			isa = PBXResourcesBuildPhase;
			buildActionMask = 2147483647;
			files = (
			);
			runOnlyForDeploymentPostprocessing = 0;
		};
/* End PBXResourcesBuildPhase section */

/* Begin PBXSourcesBuildPhase section */
		D0D5B053218ECA0200B4C0C0 /* Sources */ = {
			isa = PBXSourcesBuildPhase;
			buildActionMask = 2147483647;
			files = (
				D9E4C3D821914A2C00F565EE /* DrawingViewController.swift in Sources */,
				D9E4C3D621914A2C00F565EE /* RecordVideoViewController.swift in Sources */,
				D9E4C3D421914A2C00F565EE /* ScreenRecordViewController.swift in Sources */,
				D9E4C3D321914A2C00F565EE /* CustomImagePickerViewController.swift in Sources */,
				D9E4C3D221914A2C00F565EE /* VideoHelper.swift in Sources */,
				D9E4C3D121914A2C00F565EE /* AddImageViewController.swift in Sources */,
				D9E4C3D521914A2C00F565EE /* CommonVideoViewController.m in Sources */,
				D9E4C3E92191BCCA00F565EE /* UIImageToMovie.swift in Sources */,
				D0D5B05B218ECA0200B4C0C0 /* AppDelegate.swift in Sources */,
				D9E4C3E7219182E500F565EE /* ScreenRecoder.swift in Sources */,
				D9E4C3D721914A2C00F565EE /* EditVideoViewController.swift in Sources */,
			);
			runOnlyForDeploymentPostprocessing = 0;
		};
		D0D5B067218ECA0400B4C0C0 /* Sources */ = {
			isa = PBXSourcesBuildPhase;
			buildActionMask = 2147483647;
			files = (
				D0D5B070218ECA0400B4C0C0 /* VideoAnalyzerTests.swift in Sources */,
			);
			runOnlyForDeploymentPostprocessing = 0;
		};
		D0D5B072218ECA0400B4C0C0 /* Sources */ = {
			isa = PBXSourcesBuildPhase;
			buildActionMask = 2147483647;
			files = (
				D0D5B07B218ECA0400B4C0C0 /* VideoAnalyzerUITests.swift in Sources */,
			);
			runOnlyForDeploymentPostprocessing = 0;
		};
/* End PBXSourcesBuildPhase section */

/* Begin PBXTargetDependency section */
		D0D5B06D218ECA0400B4C0C0 /* PBXTargetDependency */ = {
			isa = PBXTargetDependency;
			target = D0D5B056218ECA0200B4C0C0 /* VideoAnalyzer */;
			targetProxy = D0D5B06C218ECA0400B4C0C0 /* PBXContainerItemProxy */;
		};
		D0D5B078218ECA0400B4C0C0 /* PBXTargetDependency */ = {
			isa = PBXTargetDependency;
			target = D0D5B056218ECA0200B4C0C0 /* VideoAnalyzer */;
			targetProxy = D0D5B077218ECA0400B4C0C0 /* PBXContainerItemProxy */;
		};
/* End PBXTargetDependency section */

/* Begin PBXVariantGroup section */
		D0D5B05E218ECA0200B4C0C0 /* Main.storyboard */ = {
			isa = PBXVariantGroup;
			children = (
				D0D5B05F218ECA0200B4C0C0 /* Base */,
			);
			name = Main.storyboard;
			sourceTree = "<group>";
		};
		D0D5B063218ECA0400B4C0C0 /* LaunchScreen.storyboard */ = {
			isa = PBXVariantGroup;
			children = (
				D0D5B064218ECA0400B4C0C0 /* Base */,
			);
			name = LaunchScreen.storyboard;
			sourceTree = "<group>";
		};
/* End PBXVariantGroup section */

/* Begin XCBuildConfiguration section */
		D0D5B07D218ECA0400B4C0C0 /* Debug */ = {
			isa = XCBuildConfiguration;
			buildSettings = {
				ALWAYS_SEARCH_USER_PATHS = NO;
				CLANG_ANALYZER_NONNULL = YES;
				CLANG_ANALYZER_NUMBER_OBJECT_CONVERSION = YES_AGGRESSIVE;
				CLANG_CXX_LANGUAGE_STANDARD = "gnu++14";
				CLANG_CXX_LIBRARY = "libc++";
				CLANG_ENABLE_MODULES = YES;
				CLANG_ENABLE_OBJC_ARC = YES;
				CLANG_ENABLE_OBJC_WEAK = YES;
				CLANG_WARN_BLOCK_CAPTURE_AUTORELEASING = YES;
				CLANG_WARN_BOOL_CONVERSION = YES;
				CLANG_WARN_COMMA = YES;
				CLANG_WARN_CONSTANT_CONVERSION = YES;
				CLANG_WARN_DEPRECATED_OBJC_IMPLEMENTATIONS = YES;
				CLANG_WARN_DIRECT_OBJC_ISA_USAGE = YES_ERROR;
				CLANG_WARN_DOCUMENTATION_COMMENTS = YES;
				CLANG_WARN_EMPTY_BODY = YES;
				CLANG_WARN_ENUM_CONVERSION = YES;
				CLANG_WARN_INFINITE_RECURSION = YES;
				CLANG_WARN_INT_CONVERSION = YES;
				CLANG_WARN_NON_LITERAL_NULL_CONVERSION = YES;
				CLANG_WARN_OBJC_IMPLICIT_RETAIN_SELF = YES;
				CLANG_WARN_OBJC_LITERAL_CONVERSION = YES;
				CLANG_WARN_OBJC_ROOT_CLASS = YES_ERROR;
				CLANG_WARN_RANGE_LOOP_ANALYSIS = YES;
				CLANG_WARN_STRICT_PROTOTYPES = YES;
				CLANG_WARN_SUSPICIOUS_MOVE = YES;
				CLANG_WARN_UNGUARDED_AVAILABILITY = YES_AGGRESSIVE;
				CLANG_WARN_UNREACHABLE_CODE = YES;
				CLANG_WARN__DUPLICATE_METHOD_MATCH = YES;
				CODE_SIGN_IDENTITY = "iPhone Developer";
				COPY_PHASE_STRIP = NO;
				DEBUG_INFORMATION_FORMAT = dwarf;
				ENABLE_STRICT_OBJC_MSGSEND = YES;
				ENABLE_TESTABILITY = YES;
				GCC_C_LANGUAGE_STANDARD = gnu11;
				GCC_DYNAMIC_NO_PIC = NO;
				GCC_NO_COMMON_BLOCKS = YES;
				GCC_OPTIMIZATION_LEVEL = 0;
				GCC_PREPROCESSOR_DEFINITIONS = (
					"DEBUG=1",
					"$(inherited)",
				);
				GCC_WARN_64_TO_32_BIT_CONVERSION = YES;
				GCC_WARN_ABOUT_RETURN_TYPE = YES_ERROR;
				GCC_WARN_UNDECLARED_SELECTOR = YES;
				GCC_WARN_UNINITIALIZED_AUTOS = YES_AGGRESSIVE;
				GCC_WARN_UNUSED_FUNCTION = YES;
				GCC_WARN_UNUSED_VARIABLE = YES;
				IPHONEOS_DEPLOYMENT_TARGET = 12.0;
				MTL_ENABLE_DEBUG_INFO = INCLUDE_SOURCE;
				MTL_FAST_MATH = YES;
				ONLY_ACTIVE_ARCH = YES;
				SDKROOT = iphoneos;
				SWIFT_ACTIVE_COMPILATION_CONDITIONS = DEBUG;
				SWIFT_OPTIMIZATION_LEVEL = "-Onone";
			};
			name = Debug;
		};
		D0D5B07E218ECA0400B4C0C0 /* Release */ = {
			isa = XCBuildConfiguration;
			buildSettings = {
				ALWAYS_SEARCH_USER_PATHS = NO;
				CLANG_ANALYZER_NONNULL = YES;
				CLANG_ANALYZER_NUMBER_OBJECT_CONVERSION = YES_AGGRESSIVE;
				CLANG_CXX_LANGUAGE_STANDARD = "gnu++14";
				CLANG_CXX_LIBRARY = "libc++";
				CLANG_ENABLE_MODULES = YES;
				CLANG_ENABLE_OBJC_ARC = YES;
				CLANG_ENABLE_OBJC_WEAK = YES;
				CLANG_WARN_BLOCK_CAPTURE_AUTORELEASING = YES;
				CLANG_WARN_BOOL_CONVERSION = YES;
				CLANG_WARN_COMMA = YES;
				CLANG_WARN_CONSTANT_CONVERSION = YES;
				CLANG_WARN_DEPRECATED_OBJC_IMPLEMENTATIONS = YES;
				CLANG_WARN_DIRECT_OBJC_ISA_USAGE = YES_ERROR;
				CLANG_WARN_DOCUMENTATION_COMMENTS = YES;
				CLANG_WARN_EMPTY_BODY = YES;
				CLANG_WARN_ENUM_CONVERSION = YES;
				CLANG_WARN_INFINITE_RECURSION = YES;
				CLANG_WARN_INT_CONVERSION = YES;
				CLANG_WARN_NON_LITERAL_NULL_CONVERSION = YES;
				CLANG_WARN_OBJC_IMPLICIT_RETAIN_SELF = YES;
				CLANG_WARN_OBJC_LITERAL_CONVERSION = YES;
				CLANG_WARN_OBJC_ROOT_CLASS = YES_ERROR;
				CLANG_WARN_RANGE_LOOP_ANALYSIS = YES;
				CLANG_WARN_STRICT_PROTOTYPES = YES;
				CLANG_WARN_SUSPICIOUS_MOVE = YES;
				CLANG_WARN_UNGUARDED_AVAILABILITY = YES_AGGRESSIVE;
				CLANG_WARN_UNREACHABLE_CODE = YES;
				CLANG_WARN__DUPLICATE_METHOD_MATCH = YES;
				CODE_SIGN_IDENTITY = "iPhone Developer";
				COPY_PHASE_STRIP = NO;
				DEBUG_INFORMATION_FORMAT = "dwarf-with-dsym";
				ENABLE_NS_ASSERTIONS = NO;
				ENABLE_STRICT_OBJC_MSGSEND = YES;
				GCC_C_LANGUAGE_STANDARD = gnu11;
				GCC_NO_COMMON_BLOCKS = YES;
				GCC_WARN_64_TO_32_BIT_CONVERSION = YES;
				GCC_WARN_ABOUT_RETURN_TYPE = YES_ERROR;
				GCC_WARN_UNDECLARED_SELECTOR = YES;
				GCC_WARN_UNINITIALIZED_AUTOS = YES_AGGRESSIVE;
				GCC_WARN_UNUSED_FUNCTION = YES;
				GCC_WARN_UNUSED_VARIABLE = YES;
				IPHONEOS_DEPLOYMENT_TARGET = 12.0;
				MTL_ENABLE_DEBUG_INFO = NO;
				MTL_FAST_MATH = YES;
				SDKROOT = iphoneos;
				SWIFT_COMPILATION_MODE = wholemodule;
				SWIFT_OPTIMIZATION_LEVEL = "-O";
				VALIDATE_PRODUCT = YES;
			};
			name = Release;
		};
		D0D5B080218ECA0400B4C0C0 /* Debug */ = {
			isa = XCBuildConfiguration;
			buildSettings = {
				ASSETCATALOG_COMPILER_APPICON_NAME = AppIcon;
				CODE_SIGN_STYLE = Automatic;
				DEVELOPMENT_TEAM = J3Q6NXR57K;
				INFOPLIST_FILE = VideoAnalyzer/Info.plist;
				LD_RUNPATH_SEARCH_PATHS = (
					"$(inherited)",
					"@executable_path/Frameworks",
				);
				PRODUCT_BUNDLE_IDENTIFIER = thond.VideoAnalyzer;
				PRODUCT_NAME = "$(TARGET_NAME)";
				SWIFT_VERSION = 4.2;
				TARGETED_DEVICE_FAMILY = "1,2";
			};
			name = Debug;
		};
		D0D5B081218ECA0400B4C0C0 /* Release */ = {
			isa = XCBuildConfiguration;
			buildSettings = {
				ASSETCATALOG_COMPILER_APPICON_NAME = AppIcon;
				CODE_SIGN_STYLE = Automatic;
				DEVELOPMENT_TEAM = J3Q6NXR57K;
				INFOPLIST_FILE = VideoAnalyzer/Info.plist;
				LD_RUNPATH_SEARCH_PATHS = (
					"$(inherited)",
					"@executable_path/Frameworks",
				);
				PRODUCT_BUNDLE_IDENTIFIER = thond.VideoAnalyzer;
				PRODUCT_NAME = "$(TARGET_NAME)";
				SWIFT_VERSION = 4.2;
				TARGETED_DEVICE_FAMILY = "1,2";
			};
			name = Release;
		};
		D0D5B083218ECA0400B4C0C0 /* Debug */ = {
			isa = XCBuildConfiguration;
			buildSettings = {
				ALWAYS_EMBED_SWIFT_STANDARD_LIBRARIES = YES;
				BUNDLE_LOADER = "$(TEST_HOST)";
				CODE_SIGN_STYLE = Automatic;
				INFOPLIST_FILE = VideoAnalyzerTests/Info.plist;
				LD_RUNPATH_SEARCH_PATHS = (
					"$(inherited)",
					"@executable_path/Frameworks",
					"@loader_path/Frameworks",
				);
				PRODUCT_BUNDLE_IDENTIFIER = thond.VideoAnalyzerTests;
				PRODUCT_NAME = "$(TARGET_NAME)";
				SWIFT_VERSION = 4.2;
				TARGETED_DEVICE_FAMILY = "1,2";
				TEST_HOST = "$(BUILT_PRODUCTS_DIR)/VideoAnalyzer.app/VideoAnalyzer";
			};
			name = Debug;
		};
		D0D5B084218ECA0400B4C0C0 /* Release */ = {
			isa = XCBuildConfiguration;
			buildSettings = {
				ALWAYS_EMBED_SWIFT_STANDARD_LIBRARIES = YES;
				BUNDLE_LOADER = "$(TEST_HOST)";
				CODE_SIGN_STYLE = Automatic;
				INFOPLIST_FILE = VideoAnalyzerTests/Info.plist;
				LD_RUNPATH_SEARCH_PATHS = (
					"$(inherited)",
					"@executable_path/Frameworks",
					"@loader_path/Frameworks",
				);
				PRODUCT_BUNDLE_IDENTIFIER = thond.VideoAnalyzerTests;
				PRODUCT_NAME = "$(TARGET_NAME)";
				SWIFT_VERSION = 4.2;
				TARGETED_DEVICE_FAMILY = "1,2";
				TEST_HOST = "$(BUILT_PRODUCTS_DIR)/VideoAnalyzer.app/VideoAnalyzer";
			};
			name = Release;
		};
		D0D5B086218ECA0400B4C0C0 /* Debug */ = {
			isa = XCBuildConfiguration;
			buildSettings = {
				ALWAYS_EMBED_SWIFT_STANDARD_LIBRARIES = YES;
				CODE_SIGN_STYLE = Automatic;
				INFOPLIST_FILE = VideoAnalyzerUITests/Info.plist;
				LD_RUNPATH_SEARCH_PATHS = (
					"$(inherited)",
					"@executable_path/Frameworks",
					"@loader_path/Frameworks",
				);
				PRODUCT_BUNDLE_IDENTIFIER = thond.VideoAnalyzerUITests;
				PRODUCT_NAME = "$(TARGET_NAME)";
				SWIFT_VERSION = 4.2;
				TARGETED_DEVICE_FAMILY = "1,2";
				TEST_TARGET_NAME = VideoAnalyzer;
			};
			name = Debug;
		};
		D0D5B087218ECA0400B4C0C0 /* Release */ = {
			isa = XCBuildConfiguration;
			buildSettings = {
				ALWAYS_EMBED_SWIFT_STANDARD_LIBRARIES = YES;
				CODE_SIGN_STYLE = Automatic;
				INFOPLIST_FILE = VideoAnalyzerUITests/Info.plist;
				LD_RUNPATH_SEARCH_PATHS = (
					"$(inherited)",
					"@executable_path/Frameworks",
					"@loader_path/Frameworks",
				);
				PRODUCT_BUNDLE_IDENTIFIER = thond.VideoAnalyzerUITests;
				PRODUCT_NAME = "$(TARGET_NAME)";
				SWIFT_VERSION = 4.2;
				TARGETED_DEVICE_FAMILY = "1,2";
				TEST_TARGET_NAME = VideoAnalyzer;
			};
			name = Release;
		};
/* End XCBuildConfiguration section */

/* Begin XCConfigurationList section */
		D0D5B052218ECA0200B4C0C0 /* Build configuration list for PBXProject "VideoAnalyzer" */ = {
			isa = XCConfigurationList;
			buildConfigurations = (
				D0D5B07D218ECA0400B4C0C0 /* Debug */,
				D0D5B07E218ECA0400B4C0C0 /* Release */,
			);
			defaultConfigurationIsVisible = 0;
			defaultConfigurationName = Release;
		};
		D0D5B07F218ECA0400B4C0C0 /* Build configuration list for PBXNativeTarget "VideoAnalyzer" */ = {
			isa = XCConfigurationList;
			buildConfigurations = (
				D0D5B080218ECA0400B4C0C0 /* Debug */,
				D0D5B081218ECA0400B4C0C0 /* Release */,
			);
			defaultConfigurationIsVisible = 0;
			defaultConfigurationName = Release;
		};
		D0D5B082218ECA0400B4C0C0 /* Build configuration list for PBXNativeTarget "VideoAnalyzerTests" */ = {
			isa = XCConfigurationList;
			buildConfigurations = (
				D0D5B083218ECA0400B4C0C0 /* Debug */,
				D0D5B084218ECA0400B4C0C0 /* Release */,
			);
			defaultConfigurationIsVisible = 0;
			defaultConfigurationName = Release;
		};
		D0D5B085218ECA0400B4C0C0 /* Build configuration list for PBXNativeTarget "VideoAnalyzerUITests" */ = {
			isa = XCConfigurationList;
			buildConfigurations = (
				D0D5B086218ECA0400B4C0C0 /* Debug */,
				D0D5B087218ECA0400B4C0C0 /* Release */,
			);
			defaultConfigurationIsVisible = 0;
			defaultConfigurationName = Release;
		};
/* End XCConfigurationList section */
	};
	rootObject = D0D5B04F218ECA0200B4C0C0 /* Project object */;
}
